
Microsoft Visual Studio Solution File, Format Version 12.00
# Visual Studio Version 17
VisualStudioVersion = 17.9.34902.65
MinimumVisualStudioVersion = 10.0.40219.1
Project("{2150E333-8FDC-42A3-9474-1A3956D46DE8}") = "Services", "Services", "{D2A44230-DB39-4592-8BD5-4D30EAFD5D30}"
EndProject
Project("{2150E333-8FDC-42A3-9474-1A3956D46DE8}") = "ProcedureCode", "ProcedureCode", "{D94204BC-C2B3-45DB-AE2D-CA829F89E31E}"
EndProject
Project("{9A19103F-16F7-4668-BE54-9A1E7A4F7556}") = "ProcedureCode.API", "Services\ProcedureCode\ProcedureCode.API\ProcedureCode.API.csproj", "{B629FA68-1E6F-4031-B5DA-B3F61E99E110}"
EndProject
Project("{2150E333-8FDC-42A3-9474-1A3956D46DE8}") = "HealthProvider", "HealthProvider", "{954D1EF3-49D4-4F2D-BCBF-7C7F4E1FF6D5}"
EndProject
Project("{FAE04EC0-301F-11D3-BF4B-00C04F79EFBC}") = "HealthProvider.API", "Services\HealthProvider\HealthProvider.API\HealthProvider.API.csproj", "{629D7430-7F23-4DBC-ADDD-B399972D2CE5}"
EndProject
Project("{2150E333-8FDC-42A3-9474-1A3956D46DE8}") = "Technician", "Technician", "{FCE5FD30-5262-4E58-9E00-C6119F12BF9D}"
EndProject
Project("{FAE04EC0-301F-11D3-BF4B-00C04F79EFBC}") = "Technician.API", "Services\Technician\Technician.API\Technician.API.csproj", "{AC1390D1-4562-4369-9584-9E08FE6AE4CF}"
EndProject
Project("{2150E333-8FDC-42A3-9474-1A3956D46DE8}") = "Associate", "Associate", "{C6F9BB55-8016-491F-84EE-2232CF71B1AD}"
EndProject
Project("{FAE04EC0-301F-11D3-BF4B-00C04F79EFBC}") = "Associate.API", "Services\Associate\Associate.API\Associate.API.csproj", "{83C6E564-B068-414F-BA93-816035AC419E}"
EndProject
Project("{2150E333-8FDC-42A3-9474-1A3956D46DE8}") = "OrderRequest", "OrderRequest", "{28822556-0CA4-4890-B7F1-841687CDE996}"
EndProject
Project("{FAE04EC0-301F-11D3-BF4B-00C04F79EFBC}") = "OrderRequest.API", "Services\OrderRequest\OrderRequest.API\OrderRequest.API.csproj", "{A30C8364-00DA-464A-82B7-4FAA6E0AD2BF}"
EndProject
Global
	GlobalSection(SolutionConfigurationPlatforms) = preSolution
		Debug|Any CPU = Debug|Any CPU
		Release|Any CPU = Release|Any CPU
	EndGlobalSection
	GlobalSection(ProjectConfigurationPlatforms) = postSolution
		{B629FA68-1E6F-4031-B5DA-B3F61E99E110}.Debug|Any CPU.ActiveCfg = Debug|Any CPU
		{B629FA68-1E6F-4031-B5DA-B3F61E99E110}.Debug|Any CPU.Build.0 = Debug|Any CPU
		{B629FA68-1E6F-4031-B5DA-B3F61E99E110}.Release|Any CPU.ActiveCfg = Release|Any CPU
		{B629FA68-1E6F-4031-B5DA-B3F61E99E110}.Release|Any CPU.Build.0 = Release|Any CPU
		{629D7430-7F23-4DBC-ADDD-B399972D2CE5}.Debug|Any CPU.ActiveCfg = Debug|Any CPU
		{629D7430-7F23-4DBC-ADDD-B399972D2CE5}.Debug|Any CPU.Build.0 = Debug|Any CPU
		{629D7430-7F23-4DBC-ADDD-B399972D2CE5}.Release|Any CPU.ActiveCfg = Release|Any CPU
		{629D7430-7F23-4DBC-ADDD-B399972D2CE5}.Release|Any CPU.Build.0 = Release|Any CPU
		{AC1390D1-4562-4369-9584-9E08FE6AE4CF}.Debug|Any CPU.ActiveCfg = Debug|Any CPU
		{AC1390D1-4562-4369-9584-9E08FE6AE4CF}.Debug|Any CPU.Build.0 = Debug|Any CPU
		{AC1390D1-4562-4369-9584-9E08FE6AE4CF}.Release|Any CPU.ActiveCfg = Release|Any CPU
		{AC1390D1-4562-4369-9584-9E08FE6AE4CF}.Release|Any CPU.Build.0 = Release|Any CPU
		{83C6E564-B068-414F-BA93-816035AC419E}.Debug|Any CPU.ActiveCfg = Debug|Any CPU
		{83C6E564-B068-414F-BA93-816035AC419E}.Debug|Any CPU.Build.0 = Debug|Any CPU
		{83C6E564-B068-414F-BA93-816035AC419E}.Release|Any CPU.ActiveCfg = Release|Any CPU
		{83C6E564-B068-414F-BA93-816035AC419E}.Release|Any CPU.Build.0 = Release|Any CPU
		{A30C8364-00DA-464A-82B7-4FAA6E0AD2BF}.Debug|Any CPU.ActiveCfg = Debug|Any CPU
		{A30C8364-00DA-464A-82B7-4FAA6E0AD2BF}.Debug|Any CPU.Build.0 = Debug|Any CPU
		{A30C8364-00DA-464A-82B7-4FAA6E0AD2BF}.Release|Any CPU.ActiveCfg = Release|Any CPU
		{A30C8364-00DA-464A-82B7-4FAA6E0AD2BF}.Release|Any CPU.Build.0 = Release|Any CPU
	EndGlobalSection
	GlobalSection(SolutionProperties) = preSolution
		HideSolutionNode = FALSE
	EndGlobalSection
	GlobalSection(NestedProjects) = preSolution
		{D94204BC-C2B3-45DB-AE2D-CA829F89E31E} = {D2A44230-DB39-4592-8BD5-4D30EAFD5D30}
		{B629FA68-1E6F-4031-B5DA-B3F61E99E110} = {D94204BC-C2B3-45DB-AE2D-CA829F89E31E}
		{954D1EF3-49D4-4F2D-BCBF-7C7F4E1FF6D5} = {D2A44230-DB39-4592-8BD5-4D30EAFD5D30}
		{629D7430-7F23-4DBC-ADDD-B399972D2CE5} = {954D1EF3-49D4-4F2D-BCBF-7C7F4E1FF6D5}
		{FCE5FD30-5262-4E58-9E00-C6119F12BF9D} = {D2A44230-DB39-4592-8BD5-4D30EAFD5D30}
		{AC1390D1-4562-4369-9584-9E08FE6AE4CF} = {FCE5FD30-5262-4E58-9E00-C6119F12BF9D}
		{C6F9BB55-8016-491F-84EE-2232CF71B1AD} = {D2A44230-DB39-4592-8BD5-4D30EAFD5D30}
		{83C6E564-B068-414F-BA93-816035AC419E} = {C6F9BB55-8016-491F-84EE-2232CF71B1AD}
		{28822556-0CA4-4890-B7F1-841687CDE996} = {D2A44230-DB39-4592-8BD5-4D30EAFD5D30}
		{A30C8364-00DA-464A-82B7-4FAA6E0AD2BF} = {28822556-0CA4-4890-B7F1-841687CDE996}
	EndGlobalSection
	GlobalSection(ExtensibilityGlobals) = postSolution
		SolutionGuid = {DCAC3D56-B5EB-474F-85C9-68741763E95E}
	EndGlobalSection
EndGlobal
