
Microsoft Visual Studio Solution File, Format Version 12.00
# Visual Studio Version 17
VisualStudioVersion = 17.9.34902.65
MinimumVisualStudioVersion = 10.0.40219.1
Project("{2150E333-8FDC-42A3-9474-1A3956D46DE8}") = "Services", "Services", "{D2A44230-DB39-4592-8BD5-4D30EAFD5D30}"
EndProject
Project("{2150E333-8FDC-42A3-9474-1A3956D46DE8}") = "Technician", "Technician", "{FCE5FD30-5262-4E58-9E00-C6119F12BF9D}"
EndProject
Project("{9A19103F-16F7-4668-BE54-9A1E7A4F7556}") = "Technician.API", "Services\Technician\Technician.API\Technician.API.csproj", "{AC1390D1-4562-4369-9584-9E08FE6AE4CF}"
EndProject
Project("{2150E333-8FDC-42A3-9474-1A3956D46DE8}") = "Associate", "Associate", "{C6F9BB55-8016-491F-84EE-2232CF71B1AD}"
EndProject
Project("{9A19103F-16F7-4668-BE54-9A1E7A4F7556}") = "Associate.API", "Services\Associate\Associate.API\Associate.API.csproj", "{83C6E564-B068-414F-BA93-816035AC419E}"
EndProject
Project("{2150E333-8FDC-42A3-9474-1A3956D46DE8}") = "ApplicationBlocks", "ApplicationBlocks", "{B8C1BD6F-6C5D-4CC4-912A-380DB5F6FEFE}"
EndProject
Project("{9A19103F-16F7-4668-BE54-9A1E7A4F7556}") = "ApplicationBlocks", "ApplicationBlocks\ApplicationBlocks\ApplicationBlocks.csproj", "{245D60EE-3B88-472E-9DCD-E05297EFE5D7}"
EndProject
Project("{2150E333-8FDC-42A3-9474-1A3956D46DE8}") = "Provider", "Provider", "{7CEDBED0-E84F-4382-A0D5-9C4D3DBC93DF}"
EndProject
Project("{2150E333-8FDC-42A3-9474-1A3956D46DE8}") = "Order", "Order", "{F75A7991-F849-4A6C-AFC2-BADC5CF78703}"
EndProject
Project("{2150E333-8FDC-42A3-9474-1A3956D46DE8}") = "Procedure", "Procedure", "{57A311B2-167F-4B2F-9CEE-FC2414CCE435}"
EndProject
Project("{9A19103F-16F7-4668-BE54-9A1E7A4F7556}") = "Order.API", "Services\Order\Order.API\Order.API.csproj", "{E1F4169B-6556-4379-893E-2BCFF88F7780}"
EndProject
Project("{9A19103F-16F7-4668-BE54-9A1E7A4F7556}") = "Procedure.API", "Services\Procedure\Procedure.API\Procedure.API.csproj", "{73C30D70-80D1-4F14-AD1A-2C692AFA1BC8}"
EndProject
Project("{9A19103F-16F7-4668-BE54-9A1E7A4F7556}") = "Provider.API", "Services\Provider\Provider.API\Provider.API.csproj", "{57AA0DB3-F699-486F-ADF3-444D51653D1C}"
EndProject
Project("{E53339B2-1760-4266-BCC7-CA923CBCF16C}") = "docker-compose", "docker-compose.dcproj", "{7042FE9A-8918-4DC5-8230-5A6D3CA3019B}"
EndProject
Global
	GlobalSection(SolutionConfigurationPlatforms) = preSolution
		Debug|Any CPU = Debug|Any CPU
		Release|Any CPU = Release|Any CPU
	EndGlobalSection
	GlobalSection(ProjectConfigurationPlatforms) = postSolution
		{AC1390D1-4562-4369-9584-9E08FE6AE4CF}.Debug|Any CPU.ActiveCfg = Debug|Any CPU
		{AC1390D1-4562-4369-9584-9E08FE6AE4CF}.Debug|Any CPU.Build.0 = Debug|Any CPU
		{AC1390D1-4562-4369-9584-9E08FE6AE4CF}.Release|Any CPU.ActiveCfg = Release|Any CPU
		{AC1390D1-4562-4369-9584-9E08FE6AE4CF}.Release|Any CPU.Build.0 = Release|Any CPU
		{83C6E564-B068-414F-BA93-816035AC419E}.Debug|Any CPU.ActiveCfg = Debug|Any CPU
		{83C6E564-B068-414F-BA93-816035AC419E}.Debug|Any CPU.Build.0 = Debug|Any CPU
		{83C6E564-B068-414F-BA93-816035AC419E}.Release|Any CPU.ActiveCfg = Release|Any CPU
		{83C6E564-B068-414F-BA93-816035AC419E}.Release|Any CPU.Build.0 = Release|Any CPU
		{245D60EE-3B88-472E-9DCD-E05297EFE5D7}.Debug|Any CPU.ActiveCfg = Debug|Any CPU
		{245D60EE-3B88-472E-9DCD-E05297EFE5D7}.Debug|Any CPU.Build.0 = Debug|Any CPU
		{245D60EE-3B88-472E-9DCD-E05297EFE5D7}.Release|Any CPU.ActiveCfg = Release|Any CPU
		{245D60EE-3B88-472E-9DCD-E05297EFE5D7}.Release|Any CPU.Build.0 = Release|Any CPU
		{E1F4169B-6556-4379-893E-2BCFF88F7780}.Debug|Any CPU.ActiveCfg = Debug|Any CPU
		{E1F4169B-6556-4379-893E-2BCFF88F7780}.Debug|Any CPU.Build.0 = Debug|Any CPU
		{E1F4169B-6556-4379-893E-2BCFF88F7780}.Release|Any CPU.ActiveCfg = Release|Any CPU
		{E1F4169B-6556-4379-893E-2BCFF88F7780}.Release|Any CPU.Build.0 = Release|Any CPU
		{73C30D70-80D1-4F14-AD1A-2C692AFA1BC8}.Debug|Any CPU.ActiveCfg = Debug|Any CPU
		{73C30D70-80D1-4F14-AD1A-2C692AFA1BC8}.Debug|Any CPU.Build.0 = Debug|Any CPU
		{73C30D70-80D1-4F14-AD1A-2C692AFA1BC8}.Release|Any CPU.ActiveCfg = Release|Any CPU
		{73C30D70-80D1-4F14-AD1A-2C692AFA1BC8}.Release|Any CPU.Build.0 = Release|Any CPU
		{57AA0DB3-F699-486F-ADF3-444D51653D1C}.Debug|Any CPU.ActiveCfg = Debug|Any CPU
		{57AA0DB3-F699-486F-ADF3-444D51653D1C}.Debug|Any CPU.Build.0 = Debug|Any CPU
		{57AA0DB3-F699-486F-ADF3-444D51653D1C}.Release|Any CPU.ActiveCfg = Release|Any CPU
		{57AA0DB3-F699-486F-ADF3-444D51653D1C}.Release|Any CPU.Build.0 = Release|Any CPU
		{7042FE9A-8918-4DC5-8230-5A6D3CA3019B}.Debug|Any CPU.ActiveCfg = Debug|Any CPU
		{7042FE9A-8918-4DC5-8230-5A6D3CA3019B}.Debug|Any CPU.Build.0 = Debug|Any CPU
		{7042FE9A-8918-4DC5-8230-5A6D3CA3019B}.Release|Any CPU.ActiveCfg = Release|Any CPU
		{7042FE9A-8918-4DC5-8230-5A6D3CA3019B}.Release|Any CPU.Build.0 = Release|Any CPU
	EndGlobalSection
	GlobalSection(SolutionProperties) = preSolution
		HideSolutionNode = FALSE
	EndGlobalSection
	GlobalSection(NestedProjects) = preSolution
		{FCE5FD30-5262-4E58-9E00-C6119F12BF9D} = {D2A44230-DB39-4592-8BD5-4D30EAFD5D30}
		{AC1390D1-4562-4369-9584-9E08FE6AE4CF} = {FCE5FD30-5262-4E58-9E00-C6119F12BF9D}
		{C6F9BB55-8016-491F-84EE-2232CF71B1AD} = {D2A44230-DB39-4592-8BD5-4D30EAFD5D30}
		{83C6E564-B068-414F-BA93-816035AC419E} = {C6F9BB55-8016-491F-84EE-2232CF71B1AD}
		{245D60EE-3B88-472E-9DCD-E05297EFE5D7} = {B8C1BD6F-6C5D-4CC4-912A-380DB5F6FEFE}
		{7CEDBED0-E84F-4382-A0D5-9C4D3DBC93DF} = {D2A44230-DB39-4592-8BD5-4D30EAFD5D30}
		{F75A7991-F849-4A6C-AFC2-BADC5CF78703} = {D2A44230-DB39-4592-8BD5-4D30EAFD5D30}
		{57A311B2-167F-4B2F-9CEE-FC2414CCE435} = {D2A44230-DB39-4592-8BD5-4D30EAFD5D30}
		{E1F4169B-6556-4379-893E-2BCFF88F7780} = {F75A7991-F849-4A6C-AFC2-BADC5CF78703}
		{73C30D70-80D1-4F14-AD1A-2C692AFA1BC8} = {57A311B2-167F-4B2F-9CEE-FC2414CCE435}
		{57AA0DB3-F699-486F-ADF3-444D51653D1C} = {7CEDBED0-E84F-4382-A0D5-9C4D3DBC93DF}
	EndGlobalSection
	GlobalSection(ExtensibilityGlobals) = postSolution
		SolutionGuid = {DCAC3D56-B5EB-474F-85C9-68741763E95E}
	EndGlobalSection
EndGlobal
